
Microsoft Visual Studio Solution File, Format Version 12.00
# Visual Studio Version 17
VisualStudioVersion = 17.9.34607.119
MinimumVisualStudioVersion = 10.0.40219.1
Project("{9A19103F-16F7-4668-BE54-9A1E7A4F7556}") = "Lab3", "Lab3.csproj", "{8FB8AB50-CE59-43B8-8CB7-61F4CACD25E5}"
EndProject
Project("{FAE04EC0-301F-11D3-BF4B-00C04F79EFBC}") = "TestLab3", "..\TestLab3\TestLab3.csproj", "{17BD73B1-DE60-4D65-85A7-17E34D0332C9}"
EndProject
Global
	GlobalSection(SolutionConfigurationPlatforms) = preSolution
		Debug|Any CPU = Debug|Any CPU
		Release|Any CPU = Release|Any CPU
	EndGlobalSection
	GlobalSection(ProjectConfigurationPlatforms) = postSolution
		{8FB8AB50-CE59-43B8-8CB7-61F4CACD25E5}.Debug|Any CPU.ActiveCfg = Debug|Any CPU
		{8FB8AB50-CE59-43B8-8CB7-61F4CACD25E5}.Debug|Any CPU.Build.0 = Debug|Any CPU
		{8FB8AB50-CE59-43B8-8CB7-61F4CACD25E5}.Release|Any CPU.ActiveCfg = Release|Any CPU
		{8FB8AB50-CE59-43B8-8CB7-61F4CACD25E5}.Release|Any CPU.Build.0 = Release|Any CPU
		{17BD73B1-DE60-4D65-85A7-17E34D0332C9}.Debug|Any CPU.ActiveCfg = Debug|Any CPU
		{17BD73B1-DE60-4D65-85A7-17E34D0332C9}.Debug|Any CPU.Build.0 = Debug|Any CPU
		{17BD73B1-DE60-4D65-85A7-17E34D0332C9}.Release|Any CPU.ActiveCfg = Release|Any CPU
		{17BD73B1-DE60-4D65-85A7-17E34D0332C9}.Release|Any CPU.Build.0 = Release|Any CPU
	EndGlobalSection
	GlobalSection(SolutionProperties) = preSolution
		HideSolutionNode = FALSE
	EndGlobalSection
	GlobalSection(ExtensibilityGlobals) = postSolution
		SolutionGuid = {D0953080-C789-4AD4-9230-5D533F5ED07A}
	EndGlobalSection
EndGlobal
