
Microsoft Visual Studio Solution File, Format Version 12.00
# Visual Studio Version 17
VisualStudioVersion = 17.8.34525.116
MinimumVisualStudioVersion = 10.0.40219.1
Project("{FAE04EC0-301F-11D3-BF4B-00C04F79EFBC}") = "ConsoleApp1", "ConsoleApp1.csproj", "{77B17122-A51B-4281-9ACA-543CECE49722}"
EndProject
Global
	GlobalSection(SolutionConfigurationPlatforms) = preSolution
		Debug|Any CPU = Debug|Any CPU
		Release|Any CPU = Release|Any CPU
	EndGlobalSection
	GlobalSection(ProjectConfigurationPlatforms) = postSolution
		{77B17122-A51B-4281-9ACA-543CECE49722}.Debug|Any CPU.ActiveCfg = Debug|Any CPU
		{77B17122-A51B-4281-9ACA-543CECE49722}.Debug|Any CPU.Build.0 = Debug|Any CPU
		{77B17122-A51B-4281-9ACA-543CECE49722}.Release|Any CPU.ActiveCfg = Release|Any CPU
		{77B17122-A51B-4281-9ACA-543CECE49722}.Release|Any CPU.Build.0 = Release|Any CPU
	EndGlobalSection
	GlobalSection(SolutionProperties) = preSolution
		HideSolutionNode = FALSE
	EndGlobalSection
	GlobalSection(ExtensibilityGlobals) = postSolution
		SolutionGuid = {991686BE-1A86-4582-B4C2-F60C7AB7AC6E}
	EndGlobalSection
EndGlobal
