
Microsoft Visual Studio Solution File, Format Version 12.00
# Visual Studio Version 17
VisualStudioVersion = 17.9.34616.47
MinimumVisualStudioVersion = 10.0.40219.1
Project("{FAE04EC0-301F-11D3-BF4B-00C04F79EFBC}") = "Lab4", "Lab4\Lab4.csproj", "{B0031282-E509-409A-8BA7-E2D95F57E84A}"
EndProject
Project("{FAE04EC0-301F-11D3-BF4B-00C04F79EFBC}") = "TestLab4", "TestLab4\TestLab4.csproj", "{6530719B-8ED6-477E-8985-D043BCC76119}"
EndProject
Global
	GlobalSection(SolutionConfigurationPlatforms) = preSolution
		Debug|Any CPU = Debug|Any CPU
		Release|Any CPU = Release|Any CPU
	EndGlobalSection
	GlobalSection(ProjectConfigurationPlatforms) = postSolution
		{B0031282-E509-409A-8BA7-E2D95F57E84A}.Debug|Any CPU.ActiveCfg = Debug|Any CPU
		{B0031282-E509-409A-8BA7-E2D95F57E84A}.Debug|Any CPU.Build.0 = Debug|Any CPU
		{B0031282-E509-409A-8BA7-E2D95F57E84A}.Release|Any CPU.ActiveCfg = Release|Any CPU
		{B0031282-E509-409A-8BA7-E2D95F57E84A}.Release|Any CPU.Build.0 = Release|Any CPU
		{6530719B-8ED6-477E-8985-D043BCC76119}.Debug|Any CPU.ActiveCfg = Debug|Any CPU
		{6530719B-8ED6-477E-8985-D043BCC76119}.Debug|Any CPU.Build.0 = Debug|Any CPU
		{6530719B-8ED6-477E-8985-D043BCC76119}.Release|Any CPU.ActiveCfg = Release|Any CPU
		{6530719B-8ED6-477E-8985-D043BCC76119}.Release|Any CPU.Build.0 = Release|Any CPU
	EndGlobalSection
	GlobalSection(SolutionProperties) = preSolution
		HideSolutionNode = FALSE
	EndGlobalSection
	GlobalSection(ExtensibilityGlobals) = postSolution
		SolutionGuid = {82804B07-F7F7-47B2-9609-1897E5AC7D57}
	EndGlobalSection
EndGlobal
