
Microsoft Visual Studio Solution File, Format Version 12.00
# Visual Studio Version 17
VisualStudioVersion = 17.8.34525.116
MinimumVisualStudioVersion = 10.0.40219.1
Project("{FAE04EC0-301F-11D3-BF4B-00C04F79EFBC}") = "MyWork1", "MyWork1.csproj", "{66A21AB6-E49A-4A37-8BAF-1D96FECE9E8D}"
EndProject
Global
	GlobalSection(SolutionConfigurationPlatforms) = preSolution
		Debug|Any CPU = Debug|Any CPU
		Release|Any CPU = Release|Any CPU
	EndGlobalSection
	GlobalSection(ProjectConfigurationPlatforms) = postSolution
		{66A21AB6-E49A-4A37-8BAF-1D96FECE9E8D}.Debug|Any CPU.ActiveCfg = Debug|Any CPU
		{66A21AB6-E49A-4A37-8BAF-1D96FECE9E8D}.Debug|Any CPU.Build.0 = Debug|Any CPU
		{66A21AB6-E49A-4A37-8BAF-1D96FECE9E8D}.Release|Any CPU.ActiveCfg = Release|Any CPU
		{66A21AB6-E49A-4A37-8BAF-1D96FECE9E8D}.Release|Any CPU.Build.0 = Release|Any CPU
	EndGlobalSection
	GlobalSection(SolutionProperties) = preSolution
		HideSolutionNode = FALSE
	EndGlobalSection
	GlobalSection(ExtensibilityGlobals) = postSolution
		SolutionGuid = {758DCCAE-56C7-434C-9FDB-9510F33A9DFF}
	EndGlobalSection
EndGlobal
